<?xml version="1.0" encoding="utf-8"?>
<Project ToolsVersion="17.0" xmlns="http://schemas.microsoft.com/developer/msbuild/2003">
  <ItemGroup>
    <ClCompile Include="D:\Repositories\QT-Resources\RTSP-Player\src\main.cpp">
      <Filter>Source Files</Filter>
    </ClCompile>
    <ClCompile Include="D:\Repositories\QT-Resources\RTSP-Player\src\RTSPlayer.cpp">
      <Filter>Source Files</Filter>
    </ClCompile>
    <ClCompile Include="D:\Repositories\QT-Resources\RTSP-Player\src\StreamLifecycleManager.cpp">
      <Filter>Source Files</Filter>
    </ClCompile>
    <ClCompile Include="D:\Repositories\QT-Resources\RTSP-Player\src\PlayerStateMachine.cpp">
      <Filter>Source Files</Filter>
    </ClCompile>
    <ClCompile Include="D:\Repositories\QT-Resources\RTSP-Player\src\DemuxThread.cpp">
      <Filter>Source Files</Filter>
    </ClCompile>
    <ClCompile Include="D:\Repositories\QT-Resources\RTSP-Player\src\VideoDecodeThread.cpp">
      <Filter>Source Files</Filter>
    </ClCompile>
    <ClCompile Include="D:\Repositories\QT-Resources\RTSP-Player\src\AudioWorker.cpp">
      <Filter>Source Files</Filter>
    </ClCompile>
    <ClCompile Include="D:\Repositories\QT-Resources\RTSP-Player\src\SDLRenderer.cpp">
      <Filter>Source Files</Filter>
    </ClCompile>
    <ClCompile Include="D:\Repositories\QT-Resources\RTSP-Player\src\SDLAudio.cpp">
      <Filter>Source Files</Filter>
    </ClCompile>
    <ClCompile Include="D:\Repositories\QT-Resources\RTSP-Player\src\AudioRingBuffer.cpp">
      <Filter>Source Files</Filter>
    </ClCompile>
    <ClCompile Include="D:\Repositories\QT-Resources\RTSP-Player\src\PacketQueue.cpp">
      <Filter>Source Files</Filter>
    </ClCompile>
    <ClCompile Include="D:\Repositories\QT-Resources\RTSP-Player\src\VideoFrameQueue.cpp">
      <Filter>Source Files</Filter>
    </ClCompile>
    <ClCompile Include="D:\Repositories\QT-Resources\RTSP-Player\src\AVClock.cpp">
      <Filter>Source Files</Filter>
    </ClCompile>
    <ClCompile Include="D:\Repositories\QT-Resources\RTSP-Player\src\PlayerStats.cpp">
      <Filter>Source Files</Filter>
    </ClCompile>
    <ClCompile Include="D:\Repositories\QT-Resources\RTSP-Player\src\logger\Logger.cpp">
      <Filter>Source Files</Filter>
    </ClCompile>
  </ItemGroup>
  <ItemGroup>
    <CustomBuild Include="D:\Repositories\QT-Resources\RTSP-Player\CMakeLists.txt" />
  </ItemGroup>
  <ItemGroup>
    <Filter Include="Source Files">
      <UniqueIdentifier>{18EC5631-4F8A-3AF1-84F4-62F40FA9B731}</UniqueIdentifier>
    </Filter>
  </ItemGroup>
</Project>
